// !$*UTF8*$!
{
	archiveVersion = 1;
	classes = {
	};
	objectVersion = 55;
	objects = {

/* Begin PBXBuildFile section */
		1184FCDA26C93A1E4923D501 /* Pods_TestApp.framework in Frameworks */ = {isa = PBXBuildFile; fileRef = C87084534250570DF097CA66 /* Pods_TestApp.framework */; };
		B30569C227ABB78200030E81 /* PhotoModel.swift in Sources */ = {isa = PBXBuildFile; fileRef = B30569C127ABB78200030E81 /* PhotoModel.swift */; };
		B30569C427ABDDA600030E81 /* FavoriteTableViewCell.swift in Sources */ = {isa = PBXBuildFile; fileRef = B30569C327ABDDA600030E81 /* FavoriteTableViewCell.swift */; };
		B30569C627ABE48C00030E81 /* UIStackView + Extension.swift in Sources */ = {isa = PBXBuildFile; fileRef = B30569C527ABE48C00030E81 /* UIStackView + Extension.swift */; };
		B30569C827ABE86B00030E81 /* UIViewController + Extension.swift in Sources */ = {isa = PBXBuildFile; fileRef = B30569C727ABE86B00030E81 /* UIViewController + Extension.swift */; };
		B3550D1627AAE018001389CA /* AppDelegate.swift in Sources */ = {isa = PBXBuildFile; fileRef = B3550D1527AAE018001389CA /* AppDelegate.swift */; };
		B3550D1827AAE018001389CA /* SceneDelegate.swift in Sources */ = {isa = PBXBuildFile; fileRef = B3550D1727AAE018001389CA /* SceneDelegate.swift */; };
		B3550D1F27AAE01A001389CA /* Assets.xcassets in Resources */ = {isa = PBXBuildFile; fileRef = B3550D1E27AAE01A001389CA /* Assets.xcassets */; };
		B3550D2227AAE01A001389CA /* LaunchScreen.storyboard in Resources */ = {isa = PBXBuildFile; fileRef = B3550D2027AAE01A001389CA /* LaunchScreen.storyboard */; };
		B3550D2A27AAE118001389CA /* Assembly.swift in Sources */ = {isa = PBXBuildFile; fileRef = B3550D2927AAE118001389CA /* Assembly.swift */; };
		B3550D2C27AAE13C001389CA /* Router.swift in Sources */ = {isa = PBXBuildFile; fileRef = B3550D2B27AAE13C001389CA /* Router.swift */; };
		B3550D2E27AAE172001389CA /* MainViewController.swift in Sources */ = {isa = PBXBuildFile; fileRef = B3550D2D27AAE172001389CA /* MainViewController.swift */; };
		B3550D3027AAE18D001389CA /* MainPresenter.swift in Sources */ = {isa = PBXBuildFile; fileRef = B3550D2F27AAE18D001389CA /* MainPresenter.swift */; };
		B3550D3627AAE48A001389CA /* NetworkService.swift in Sources */ = {isa = PBXBuildFile; fileRef = B3550D3527AAE48A001389CA /* NetworkService.swift */; };
		B3550D3A27AAE6B0001389CA /* FavoriteViewController.swift in Sources */ = {isa = PBXBuildFile; fileRef = B3550D3927AAE6B0001389CA /* FavoriteViewController.swift */; };
		B3550D3D27AAE6D6001389CA /* FavoritePresenter.swift in Sources */ = {isa = PBXBuildFile; fileRef = B3550D3C27AAE6D6001389CA /* FavoritePresenter.swift */; };
		B3550D4227AAE846001389CA /* DetailsViewController.swift in Sources */ = {isa = PBXBuildFile; fileRef = B3550D4127AAE846001389CA /* DetailsViewController.swift */; };
		B3550D4427AAE86B001389CA /* DetailsPresenter.swift in Sources */ = {isa = PBXBuildFile; fileRef = B3550D4327AAE86B001389CA /* DetailsPresenter.swift */; };
		B3550D4927AAEE51001389CA /* MainViewControllerCell.swift in Sources */ = {isa = PBXBuildFile; fileRef = B3550D4827AAEE51001389CA /* MainViewControllerCell.swift */; };
		B3BBB90C27AFDD530095F754 /* RealmPictureModels.swift in Sources */ = {isa = PBXBuildFile; fileRef = B3BBB90B27AFDD530095F754 /* RealmPictureModels.swift */; };
		B3E45B6B27ACFE55005448C3 /* RealmPictureModel.swift in Sources */ = {isa = PBXBuildFile; fileRef = B3E45B6A27ACFE55005448C3 /* RealmPictureModel.swift */; };
		B3E45B7127AD04BB005448C3 /* RealmService.swift in Sources */ = {isa = PBXBuildFile; fileRef = B3E45B7027AD04BB005448C3 /* RealmService.swift */; };
/* End PBXBuildFile section */

/* Begin PBXFileReference section */
		B0BEDB07CD8B8647055E29D8 /* Pods-TestApp.release.xcconfig */ = {isa = PBXFileReference; includeInIndex = 1; lastKnownFileType = text.xcconfig; name = "Pods-TestApp.release.xcconfig"; path = "Target Support Files/Pods-TestApp/Pods-TestApp.release.xcconfig"; sourceTree = "<group>"; };
		B30569C127ABB78200030E81 /* PhotoModel.swift */ = {isa = PBXFileReference; lastKnownFileType = sourcecode.swift; path = PhotoModel.swift; sourceTree = "<group>"; };
		B30569C327ABDDA600030E81 /* FavoriteTableViewCell.swift */ = {isa = PBXFileReference; lastKnownFileType = sourcecode.swift; path = FavoriteTableViewCell.swift; sourceTree = "<group>"; };
		B30569C527ABE48C00030E81 /* UIStackView + Extension.swift */ = {isa = PBXFileReference; lastKnownFileType = sourcecode.swift; path = "UIStackView + Extension.swift"; sourceTree = "<group>"; };
		B30569C727ABE86B00030E81 /* UIViewController + Extension.swift */ = {isa = PBXFileReference; lastKnownFileType = sourcecode.swift; path = "UIViewController + Extension.swift"; sourceTree = "<group>"; };
		B3550D1227AAE018001389CA /* TestApp.app */ = {isa = PBXFileReference; explicitFileType = wrapper.application; includeInIndex = 0; path = TestApp.app; sourceTree = BUILT_PRODUCTS_DIR; };
		B3550D1527AAE018001389CA /* AppDelegate.swift */ = {isa = PBXFileReference; lastKnownFileType = sourcecode.swift; path = AppDelegate.swift; sourceTree = "<group>"; };
		B3550D1727AAE018001389CA /* SceneDelegate.swift */ = {isa = PBXFileReference; lastKnownFileType = sourcecode.swift; path = SceneDelegate.swift; sourceTree = "<group>"; };
		B3550D1E27AAE01A001389CA /* Assets.xcassets */ = {isa = PBXFileReference; lastKnownFileType = folder.assetcatalog; path = Assets.xcassets; sourceTree = "<group>"; };
		B3550D2127AAE01A001389CA /* Base */ = {isa = PBXFileReference; lastKnownFileType = file.storyboard; name = Base; path = Base.lproj/LaunchScreen.storyboard; sourceTree = "<group>"; };
		B3550D2327AAE01A001389CA /* Info.plist */ = {isa = PBXFileReference; lastKnownFileType = text.plist.xml; path = Info.plist; sourceTree = "<group>"; };
		B3550D2927AAE118001389CA /* Assembly.swift */ = {isa = PBXFileReference; lastKnownFileType = sourcecode.swift; path = Assembly.swift; sourceTree = "<group>"; };
		B3550D2B27AAE13C001389CA /* Router.swift */ = {isa = PBXFileReference; lastKnownFileType = sourcecode.swift; path = Router.swift; sourceTree = "<group>"; };
		B3550D2D27AAE172001389CA /* MainViewController.swift */ = {isa = PBXFileReference; lastKnownFileType = sourcecode.swift; path = MainViewController.swift; sourceTree = "<group>"; };
		B3550D2F27AAE18D001389CA /* MainPresenter.swift */ = {isa = PBXFileReference; lastKnownFileType = sourcecode.swift; path = MainPresenter.swift; sourceTree = "<group>"; };
		B3550D3527AAE48A001389CA /* NetworkService.swift */ = {isa = PBXFileReference; lastKnownFileType = sourcecode.swift; path = NetworkService.swift; sourceTree = "<group>"; };
		B3550D3927AAE6B0001389CA /* FavoriteViewController.swift */ = {isa = PBXFileReference; lastKnownFileType = sourcecode.swift; path = FavoriteViewController.swift; sourceTree = "<group>"; };
		B3550D3C27AAE6D6001389CA /* FavoritePresenter.swift */ = {isa = PBXFileReference; lastKnownFileType = sourcecode.swift; path = FavoritePresenter.swift; sourceTree = "<group>"; };
		B3550D4127AAE846001389CA /* DetailsViewController.swift */ = {isa = PBXFileReference; lastKnownFileType = sourcecode.swift; path = DetailsViewController.swift; sourceTree = "<group>"; };
		B3550D4327AAE86B001389CA /* DetailsPresenter.swift */ = {isa = PBXFileReference; lastKnownFileType = sourcecode.swift; path = DetailsPresenter.swift; sourceTree = "<group>"; };
		B3550D4827AAEE51001389CA /* MainViewControllerCell.swift */ = {isa = PBXFileReference; lastKnownFileType = sourcecode.swift; path = MainViewControllerCell.swift; sourceTree = "<group>"; };
		B3BBB90B27AFDD530095F754 /* RealmPictureModels.swift */ = {isa = PBXFileReference; lastKnownFileType = sourcecode.swift; path = RealmPictureModels.swift; sourceTree = "<group>"; };
		B3E45B6A27ACFE55005448C3 /* RealmPictureModel.swift */ = {isa = PBXFileReference; lastKnownFileType = sourcecode.swift; name = RealmPictureModel.swift; path = /Users/shamilmollachiev/Desktop/TestApp/TestApp/Services/RealmPictureModel.swift; sourceTree = "<absolute>"; };
		B3E45B7027AD04BB005448C3 /* RealmService.swift */ = {isa = PBXFileReference; lastKnownFileType = sourcecode.swift; path = RealmService.swift; sourceTree = "<group>"; };
		C87084534250570DF097CA66 /* Pods_TestApp.framework */ = {isa = PBXFileReference; explicitFileType = wrapper.framework; includeInIndex = 0; path = Pods_TestApp.framework; sourceTree = BUILT_PRODUCTS_DIR; };
		FAAE9875F9139934716054F1 /* Pods-TestApp.debug.xcconfig */ = {isa = PBXFileReference; includeInIndex = 1; lastKnownFileType = text.xcconfig; name = "Pods-TestApp.debug.xcconfig"; path = "Target Support Files/Pods-TestApp/Pods-TestApp.debug.xcconfig"; sourceTree = "<group>"; };
/* End PBXFileReference section */

/* Begin PBXFrameworksBuildPhase section */
		B3550D0F27AAE018001389CA /* Frameworks */ = {
			isa = PBXFrameworksBuildPhase;
			buildActionMask = 2147483647;
			files = (
				1184FCDA26C93A1E4923D501 /* Pods_TestApp.framework in Frameworks */,
			);
			runOnlyForDeploymentPostprocessing = 0;
		};
/* End PBXFrameworksBuildPhase section */

/* Begin PBXGroup section */
		9265A73D64566C127A39B219 /* Pods */ = {
			isa = PBXGroup;
			children = (
				FAAE9875F9139934716054F1 /* Pods-TestApp.debug.xcconfig */,
				B0BEDB07CD8B8647055E29D8 /* Pods-TestApp.release.xcconfig */,
			);
			path = Pods;
			sourceTree = "<group>";
		};
		B30569C927ABE87400030E81 /* Extensions */ = {
			isa = PBXGroup;
			children = (
				B30569C727ABE86B00030E81 /* UIViewController + Extension.swift */,
				B30569C527ABE48C00030E81 /* UIStackView + Extension.swift */,
			);
			path = Extensions;
			sourceTree = "<group>";
		};
		B30569CA27ABE9FF00030E81 /* Model */ = {
			isa = PBXGroup;
			children = (
				B30569C127ABB78200030E81 /* PhotoModel.swift */,
			);
			path = Model;
			sourceTree = "<group>";
		};
		B3550D0927AAE017001389CA = {
			isa = PBXGroup;
			children = (
				B3550D1427AAE018001389CA /* TestApp */,
				B3550D1327AAE018001389CA /* Products */,
				9265A73D64566C127A39B219 /* Pods */,
				C8091F223813C9E46461BBD6 /* Frameworks */,
			);
			sourceTree = "<group>";
		};
		B3550D1327AAE018001389CA /* Products */ = {
			isa = PBXGroup;
			children = (
				B3550D1227AAE018001389CA /* TestApp.app */,
			);
			name = Products;
			sourceTree = "<group>";
		};
		B3550D1427AAE018001389CA /* TestApp */ = {
			isa = PBXGroup;
			children = (
				B3550D3427AAE46F001389CA /* Services */,
				B3550D4027AAE81B001389CA /* TapBarModule */,
				B3550D4727AAE888001389CA /* DetailsModule */,
				B30569C927ABE87400030E81 /* Extensions */,
				B3550D1527AAE018001389CA /* AppDelegate.swift */,
				B3550D1727AAE018001389CA /* SceneDelegate.swift */,
				B3550D1E27AAE01A001389CA /* Assets.xcassets */,
				B3550D2027AAE01A001389CA /* LaunchScreen.storyboard */,
				B3550D2327AAE01A001389CA /* Info.plist */,
			);
			path = TestApp;
			sourceTree = "<group>";
		};
		B3550D3127AAE19E001389CA /* View */ = {
			isa = PBXGroup;
			children = (
				B3550D2D27AAE172001389CA /* MainViewController.swift */,
				B3550D4827AAEE51001389CA /* MainViewControllerCell.swift */,
			);
			path = View;
			sourceTree = "<group>";
		};
		B3550D3227AAE1AB001389CA /* Presenter */ = {
			isa = PBXGroup;
			children = (
				B3550D2F27AAE18D001389CA /* MainPresenter.swift */,
			);
			path = Presenter;
			sourceTree = "<group>";
		};
		B3550D3327AAE1BA001389CA /* MainModule */ = {
			isa = PBXGroup;
			children = (
				B3550D3227AAE1AB001389CA /* Presenter */,
				B3550D3127AAE19E001389CA /* View */,
			);
			path = MainModule;
			sourceTree = "<group>";
		};
		B3550D3427AAE46F001389CA /* Services */ = {
			isa = PBXGroup;
			children = (
				B3550D2927AAE118001389CA /* Assembly.swift */,
				B3550D2B27AAE13C001389CA /* Router.swift */,
				B3E45B7327AD5AB7005448C3 /* Network */,
				B3E45B7227AD5AAB005448C3 /* Realm */,
			);
			path = Services;
			sourceTree = "<group>";
		};
		B3550D3B27AAE6BA001389CA /* View */ = {
			isa = PBXGroup;
			children = (
				B30569C327ABDDA600030E81 /* FavoriteTableViewCell.swift */,
				B3550D3927AAE6B0001389CA /* FavoriteViewController.swift */,
			);
			path = View;
			sourceTree = "<group>";
		};
		B3550D3E27AAE6E0001389CA /* Presenter */ = {
			isa = PBXGroup;
			children = (
				B3550D3C27AAE6D6001389CA /* FavoritePresenter.swift */,
			);
			path = Presenter;
			sourceTree = "<group>";
		};
		B3550D3F27AAE6EE001389CA /* FavoriteModule */ = {
			isa = PBXGroup;
			children = (
				B3550D3E27AAE6E0001389CA /* Presenter */,
				B3550D3B27AAE6BA001389CA /* View */,
			);
			path = FavoriteModule;
			sourceTree = "<group>";
		};
		B3550D4027AAE81B001389CA /* TapBarModule */ = {
			isa = PBXGroup;
			children = (
				B3550D3327AAE1BA001389CA /* MainModule */,
				B3550D3F27AAE6EE001389CA /* FavoriteModule */,
			);
			path = TapBarModule;
			sourceTree = "<group>";
		};
		B3550D4527AAE872001389CA /* View */ = {
			isa = PBXGroup;
			children = (
				B3550D4127AAE846001389CA /* DetailsViewController.swift */,
			);
			path = View;
			sourceTree = "<group>";
		};
		B3550D4627AAE87C001389CA /* Presenter */ = {
			isa = PBXGroup;
			children = (
				B3550D4327AAE86B001389CA /* DetailsPresenter.swift */,
			);
			path = Presenter;
			sourceTree = "<group>";
		};
		B3550D4727AAE888001389CA /* DetailsModule */ = {
			isa = PBXGroup;
			children = (
				B3550D4627AAE87C001389CA /* Presenter */,
				B3550D4527AAE872001389CA /* View */,
			);
			path = DetailsModule;
			sourceTree = "<group>";
		};
		B3E45B7227AD5AAB005448C3 /* Realm */ = {
			isa = PBXGroup;
			children = (
				B3E45B7027AD04BB005448C3 /* RealmService.swift */,
				B3E45B6A27ACFE55005448C3 /* RealmPictureModel.swift */,
				B3BBB90B27AFDD530095F754 /* RealmPictureModels.swift */,
			);
			path = Realm;
			sourceTree = "<group>";
		};
		B3E45B7327AD5AB7005448C3 /* Network */ = {
			isa = PBXGroup;
			children = (
				B3550D3527AAE48A001389CA /* NetworkService.swift */,
				B30569CA27ABE9FF00030E81 /* Model */,
			);
			path = Network;
			sourceTree = "<group>";
		};
		C8091F223813C9E46461BBD6 /* Frameworks */ = {
			isa = PBXGroup;
			children = (
				C87084534250570DF097CA66 /* Pods_TestApp.framework */,
			);
			name = Frameworks;
			sourceTree = "<group>";
		};
/* End PBXGroup section */

/* Begin PBXNativeTarget section */
		B3550D1127AAE018001389CA /* TestApp */ = {
			isa = PBXNativeTarget;
			buildConfigurationList = B3550D2627AAE01A001389CA /* Build configuration list for PBXNativeTarget "TestApp" */;
			buildPhases = (
				0B8FD38D554EBB5CBE9C9426 /* [CP] Check Pods Manifest.lock */,
				B3550D0E27AAE018001389CA /* Sources */,
				B3550D0F27AAE018001389CA /* Frameworks */,
				B3550D1027AAE018001389CA /* Resources */,
				3FF5F235C40429E7782A927E /* [CP] Embed Pods Frameworks */,
			);
			buildRules = (
			);
			dependencies = (
			);
			name = TestApp;
			productName = TestApp;
			productReference = B3550D1227AAE018001389CA /* TestApp.app */;
			productType = "com.apple.product-type.application";
		};
/* End PBXNativeTarget section */

/* Begin PBXProject section */
		B3550D0A27AAE017001389CA /* Project object */ = {
			isa = PBXProject;
			attributes = {
				BuildIndependentTargetsInParallel = 1;
				LastSwiftUpdateCheck = 1310;
				LastUpgradeCheck = 1310;
				TargetAttributes = {
					B3550D1127AAE018001389CA = {
						CreatedOnToolsVersion = 13.1;
					};
				};
			};
			buildConfigurationList = B3550D0D27AAE018001389CA /* Build configuration list for PBXProject "TestApp" */;
			compatibilityVersion = "Xcode 13.0";
			developmentRegion = en;
			hasScannedForEncodings = 0;
			knownRegions = (
				en,
				Base,
			);
			mainGroup = B3550D0927AAE017001389CA;
			productRefGroup = B3550D1327AAE018001389CA /* Products */;
			projectDirPath = "";
			projectRoot = "";
			targets = (
				B3550D1127AAE018001389CA /* TestApp */,
			);
		};
/* End PBXProject section */

/* Begin PBXResourcesBuildPhase section */
		B3550D1027AAE018001389CA /* Resources */ = {
			isa = PBXResourcesBuildPhase;
			buildActionMask = 2147483647;
			files = (
				B3550D2227AAE01A001389CA /* LaunchScreen.storyboard in Resources */,
				B3550D1F27AAE01A001389CA /* Assets.xcassets in Resources */,
			);
			runOnlyForDeploymentPostprocessing = 0;
		};
/* End PBXResourcesBuildPhase section */

/* Begin PBXShellScriptBuildPhase section */
		0B8FD38D554EBB5CBE9C9426 /* [CP] Check Pods Manifest.lock */ = {
			isa = PBXShellScriptBuildPhase;
			buildActionMask = 2147483647;
			files = (
			);
			inputFileListPaths = (
			);
			inputPaths = (
				"${PODS_PODFILE_DIR_PATH}/Podfile.lock",
				"${PODS_ROOT}/Manifest.lock",
			);
			name = "[CP] Check Pods Manifest.lock";
			outputFileListPaths = (
			);
			outputPaths = (
				"$(DERIVED_FILE_DIR)/Pods-TestApp-checkManifestLockResult.txt",
			);
			runOnlyForDeploymentPostprocessing = 0;
			shellPath = /bin/sh;
			shellScript = "diff \"${PODS_PODFILE_DIR_PATH}/Podfile.lock\" \"${PODS_ROOT}/Manifest.lock\" > /dev/null\nif [ $? != 0 ] ; then\n    # print error to STDERR\n    echo \"error: The sandbox is not in sync with the Podfile.lock. Run 'pod install' or update your CocoaPods installation.\" >&2\n    exit 1\nfi\n# This output is used by Xcode 'outputs' to avoid re-running this script phase.\necho \"SUCCESS\" > \"${SCRIPT_OUTPUT_FILE_0}\"\n";
			showEnvVarsInLog = 0;
		};
		3FF5F235C40429E7782A927E /* [CP] Embed Pods Frameworks */ = {
			isa = PBXShellScriptBuildPhase;
			buildActionMask = 2147483647;
			files = (
			);
			inputFileListPaths = (
				"${PODS_ROOT}/Target Support Files/Pods-TestApp/Pods-TestApp-frameworks-${CONFIGURATION}-input-files.xcfilelist",
			);
			name = "[CP] Embed Pods Frameworks";
			outputFileListPaths = (
				"${PODS_ROOT}/Target Support Files/Pods-TestApp/Pods-TestApp-frameworks-${CONFIGURATION}-output-files.xcfilelist",
			);
			runOnlyForDeploymentPostprocessing = 0;
			shellPath = /bin/sh;
			shellScript = "\"${PODS_ROOT}/Target Support Files/Pods-TestApp/Pods-TestApp-frameworks.sh\"\n";
			showEnvVarsInLog = 0;
		};
/* End PBXShellScriptBuildPhase section */

/* Begin PBXSourcesBuildPhase section */
		B3550D0E27AAE018001389CA /* Sources */ = {
			isa = PBXSourcesBuildPhase;
			buildActionMask = 2147483647;
			files = (
				B3E45B6B27ACFE55005448C3 /* RealmPictureModel.swift in Sources */,
				B3550D2A27AAE118001389CA /* Assembly.swift in Sources */,
				B30569C627ABE48C00030E81 /* UIStackView + Extension.swift in Sources */,
				B3550D3027AAE18D001389CA /* MainPresenter.swift in Sources */,
				B3550D2C27AAE13C001389CA /* Router.swift in Sources */,
				B3550D1627AAE018001389CA /* AppDelegate.swift in Sources */,
				B3550D1827AAE018001389CA /* SceneDelegate.swift in Sources */,
				B30569C427ABDDA600030E81 /* FavoriteTableViewCell.swift in Sources */,
				B3550D4427AAE86B001389CA /* DetailsPresenter.swift in Sources */,
				B3550D2E27AAE172001389CA /* MainViewController.swift in Sources */,
				B3550D4927AAEE51001389CA /* MainViewControllerCell.swift in Sources */,
				B3BBB90C27AFDD530095F754 /* RealmPictureModels.swift in Sources */,
				B30569C827ABE86B00030E81 /* UIViewController + Extension.swift in Sources */,
				B3550D3D27AAE6D6001389CA /* FavoritePresenter.swift in Sources */,
				B3E45B7127AD04BB005448C3 /* RealmService.swift in Sources */,
				B3550D3A27AAE6B0001389CA /* FavoriteViewController.swift in Sources */,
				B3550D3627AAE48A001389CA /* NetworkService.swift in Sources */,
				B30569C227ABB78200030E81 /* PhotoModel.swift in Sources */,
				B3550D4227AAE846001389CA /* DetailsViewController.swift in Sources */,
			);
			runOnlyForDeploymentPostprocessing = 0;
		};
/* End PBXSourcesBuildPhase section */

/* Begin PBXVariantGroup section */
		B3550D2027AAE01A001389CA /* LaunchScreen.storyboard */ = {
			isa = PBXVariantGroup;
			children = (
				B3550D2127AAE01A001389CA /* Base */,
			);
			name = LaunchScreen.storyboard;
			sourceTree = "<group>";
		};
/* End PBXVariantGroup section */

/* Begin XCBuildConfiguration section */
		B3550D2427AAE01A001389CA /* Debug */ = {
			isa = XCBuildConfiguration;
			buildSettings = {
				ALWAYS_SEARCH_USER_PATHS = NO;
				CLANG_ANALYZER_NONNULL = YES;
				CLANG_ANALYZER_NUMBER_OBJECT_CONVERSION = YES_AGGRESSIVE;
				CLANG_CXX_LANGUAGE_STANDARD = "gnu++17";
				CLANG_CXX_LIBRARY = "libc++";
				CLANG_ENABLE_MODULES = YES;
				CLANG_ENABLE_OBJC_ARC = YES;
				CLANG_ENABLE_OBJC_WEAK = YES;
				CLANG_WARN_BLOCK_CAPTURE_AUTORELEASING = YES;
				CLANG_WARN_BOOL_CONVERSION = YES;
				CLANG_WARN_COMMA = YES;
				CLANG_WARN_CONSTANT_CONVERSION = YES;
				CLANG_WARN_DEPRECATED_OBJC_IMPLEMENTATIONS = YES;
				CLANG_WARN_DIRECT_OBJC_ISA_USAGE = YES_ERROR;
				CLANG_WARN_DOCUMENTATION_COMMENTS = YES;
				CLANG_WARN_EMPTY_BODY = YES;
				CLANG_WARN_ENUM_CONVERSION = YES;
				CLANG_WARN_INFINITE_RECURSION = YES;
				CLANG_WARN_INT_CONVERSION = YES;
				CLANG_WARN_NON_LITERAL_NULL_CONVERSION = YES;
				CLANG_WARN_OBJC_IMPLICIT_RETAIN_SELF = YES;
				CLANG_WARN_OBJC_LITERAL_CONVERSION = YES;
				CLANG_WARN_OBJC_ROOT_CLASS = YES_ERROR;
				CLANG_WARN_QUOTED_INCLUDE_IN_FRAMEWORK_HEADER = YES;
				CLANG_WARN_RANGE_LOOP_ANALYSIS = YES;
				CLANG_WARN_STRICT_PROTOTYPES = YES;
				CLANG_WARN_SUSPICIOUS_MOVE = YES;
				CLANG_WARN_UNGUARDED_AVAILABILITY = YES_AGGRESSIVE;
				CLANG_WARN_UNREACHABLE_CODE = YES;
				CLANG_WARN__DUPLICATE_METHOD_MATCH = YES;
				COPY_PHASE_STRIP = NO;
				DEBUG_INFORMATION_FORMAT = dwarf;
				ENABLE_STRICT_OBJC_MSGSEND = YES;
				ENABLE_TESTABILITY = YES;
				GCC_C_LANGUAGE_STANDARD = gnu11;
				GCC_DYNAMIC_NO_PIC = NO;
				GCC_NO_COMMON_BLOCKS = YES;
				GCC_OPTIMIZATION_LEVEL = 0;
				GCC_PREPROCESSOR_DEFINITIONS = (
					"DEBUG=1",
					"$(inherited)",
				);
				GCC_WARN_64_TO_32_BIT_CONVERSION = YES;
				GCC_WARN_ABOUT_RETURN_TYPE = YES_ERROR;
				GCC_WARN_UNDECLARED_SELECTOR = YES;
				GCC_WARN_UNINITIALIZED_AUTOS = YES_AGGRESSIVE;
				GCC_WARN_UNUSED_FUNCTION = YES;
				GCC_WARN_UNUSED_VARIABLE = YES;
				IPHONEOS_DEPLOYMENT_TARGET = 15.0;
				MTL_ENABLE_DEBUG_INFO = INCLUDE_SOURCE;
				MTL_FAST_MATH = YES;
				ONLY_ACTIVE_ARCH = YES;
				SDKROOT = iphoneos;
				SWIFT_ACTIVE_COMPILATION_CONDITIONS = DEBUG;
				SWIFT_OPTIMIZATION_LEVEL = "-Onone";
			};
			name = Debug;
		};
		B3550D2527AAE01A001389CA /* Release */ = {
			isa = XCBuildConfiguration;
			buildSettings = {
				ALWAYS_SEARCH_USER_PATHS = NO;
				CLANG_ANALYZER_NONNULL = YES;
				CLANG_ANALYZER_NUMBER_OBJECT_CONVERSION = YES_AGGRESSIVE;
				CLANG_CXX_LANGUAGE_STANDARD = "gnu++17";
				CLANG_CXX_LIBRARY = "libc++";
				CLANG_ENABLE_MODULES = YES;
				CLANG_ENABLE_OBJC_ARC = YES;
				CLANG_ENABLE_OBJC_WEAK = YES;
				CLANG_WARN_BLOCK_CAPTURE_AUTORELEASING = YES;
				CLANG_WARN_BOOL_CONVERSION = YES;
				CLANG_WARN_COMMA = YES;
				CLANG_WARN_CONSTANT_CONVERSION = YES;
				CLANG_WARN_DEPRECATED_OBJC_IMPLEMENTATIONS = YES;
				CLANG_WARN_DIRECT_OBJC_ISA_USAGE = YES_ERROR;
				CLANG_WARN_DOCUMENTATION_COMMENTS = YES;
				CLANG_WARN_EMPTY_BODY = YES;
				CLANG_WARN_ENUM_CONVERSION = YES;
				CLANG_WARN_INFINITE_RECURSION = YES;
				CLANG_WARN_INT_CONVERSION = YES;
				CLANG_WARN_NON_LITERAL_NULL_CONVERSION = YES;
				CLANG_WARN_OBJC_IMPLICIT_RETAIN_SELF = YES;
				CLANG_WARN_OBJC_LITERAL_CONVERSION = YES;
				CLANG_WARN_OBJC_ROOT_CLASS = YES_ERROR;
				CLANG_WARN_QUOTED_INCLUDE_IN_FRAMEWORK_HEADER = YES;
				CLANG_WARN_RANGE_LOOP_ANALYSIS = YES;
				CLANG_WARN_STRICT_PROTOTYPES = YES;
				CLANG_WARN_SUSPICIOUS_MOVE = YES;
				CLANG_WARN_UNGUARDED_AVAILABILITY = YES_AGGRESSIVE;
				CLANG_WARN_UNREACHABLE_CODE = YES;
				CLANG_WARN__DUPLICATE_METHOD_MATCH = YES;
				COPY_PHASE_STRIP = NO;
				DEBUG_INFORMATION_FORMAT = "dwarf-with-dsym";
				ENABLE_NS_ASSERTIONS = NO;
				ENABLE_STRICT_OBJC_MSGSEND = YES;
				GCC_C_LANGUAGE_STANDARD = gnu11;
				GCC_NO_COMMON_BLOCKS = YES;
				GCC_WARN_64_TO_32_BIT_CONVERSION = YES;
				GCC_WARN_ABOUT_RETURN_TYPE = YES_ERROR;
				GCC_WARN_UNDECLARED_SELECTOR = YES;
				GCC_WARN_UNINITIALIZED_AUTOS = YES_AGGRESSIVE;
				GCC_WARN_UNUSED_FUNCTION = YES;
				GCC_WARN_UNUSED_VARIABLE = YES;
				IPHONEOS_DEPLOYMENT_TARGET = 15.0;
				MTL_ENABLE_DEBUG_INFO = NO;
				MTL_FAST_MATH = YES;
				SDKROOT = iphoneos;
				SWIFT_COMPILATION_MODE = wholemodule;
				SWIFT_OPTIMIZATION_LEVEL = "-O";
				VALIDATE_PRODUCT = YES;
			};
			name = Release;
		};
		B3550D2727AAE01A001389CA /* Debug */ = {
			isa = XCBuildConfiguration;
			baseConfigurationReference = FAAE9875F9139934716054F1 /* Pods-TestApp.debug.xcconfig */;
			buildSettings = {
				ASSETCATALOG_COMPILER_APPICON_NAME = AppIcon;
				ASSETCATALOG_COMPILER_GLOBAL_ACCENT_COLOR_NAME = AccentColor;
				CODE_SIGN_STYLE = Automatic;
				CURRENT_PROJECT_VERSION = 1;
				GENERATE_INFOPLIST_FILE = YES;
				INFOPLIST_FILE = TestApp/Info.plist;
				INFOPLIST_KEY_UIApplicationSupportsIndirectInputEvents = YES;
				INFOPLIST_KEY_UILaunchStoryboardName = LaunchScreen;
				INFOPLIST_KEY_UISupportedInterfaceOrientations_iPad = "UIInterfaceOrientationPortrait UIInterfaceOrientationPortraitUpsideDown UIInterfaceOrientationLandscapeLeft UIInterfaceOrientationLandscapeRight";
				INFOPLIST_KEY_UISupportedInterfaceOrientations_iPhone = "UIInterfaceOrientationPortrait UIInterfaceOrientationLandscapeLeft UIInterfaceOrientationLandscapeRight";
				LD_RUNPATH_SEARCH_PATHS = (
					"$(inherited)",
					"@executable_path/Frameworks",
				);
				MARKETING_VERSION = 1.0;
				PRODUCT_BUNDLE_IDENTIFIER = com.shamaich.TestApp;
				PRODUCT_NAME = "$(TARGET_NAME)";
				SWIFT_EMIT_LOC_STRINGS = YES;
				SWIFT_VERSION = 5.0;
				TARGETED_DEVICE_FAMILY = "1,2";
			};
			name = Debug;
		};
		B3550D2827AAE01A001389CA /* Release */ = {
			isa = XCBuildConfiguration;
			baseConfigurationReference = B0BEDB07CD8B8647055E29D8 /* Pods-TestApp.release.xcconfig */;
			buildSettings = {
				ASSETCATALOG_COMPILER_APPICON_NAME = AppIcon;
				ASSETCATALOG_COMPILER_GLOBAL_ACCENT_COLOR_NAME = AccentColor;
				CODE_SIGN_STYLE = Automatic;
				CURRENT_PROJECT_VERSION = 1;
				GENERATE_INFOPLIST_FILE = YES;
				INFOPLIST_FILE = TestApp/Info.plist;
				INFOPLIST_KEY_UIApplicationSupportsIndirectInputEvents = YES;
				INFOPLIST_KEY_UILaunchStoryboardName = LaunchScreen;
				INFOPLIST_KEY_UISupportedInterfaceOrientations_iPad = "UIInterfaceOrientationPortrait UIInterfaceOrientationPortraitUpsideDown UIInterfaceOrientationLandscapeLeft UIInterfaceOrientationLandscapeRight";
				INFOPLIST_KEY_UISupportedInterfaceOrientations_iPhone = "UIInterfaceOrientationPortrait UIInterfaceOrientationLandscapeLeft UIInterfaceOrientationLandscapeRight";
				LD_RUNPATH_SEARCH_PATHS = (
					"$(inherited)",
					"@executable_path/Frameworks",
				);
				MARKETING_VERSION = 1.0;
				PRODUCT_BUNDLE_IDENTIFIER = com.shamaich.TestApp;
				PRODUCT_NAME = "$(TARGET_NAME)";
				SWIFT_EMIT_LOC_STRINGS = YES;
				SWIFT_VERSION = 5.0;
				TARGETED_DEVICE_FAMILY = "1,2";
			};
			name = Release;
		};
/* End XCBuildConfiguration section */

/* Begin XCConfigurationList section */
		B3550D0D27AAE018001389CA /* Build configuration list for PBXProject "TestApp" */ = {
			isa = XCConfigurationList;
			buildConfigurations = (
				B3550D2427AAE01A001389CA /* Debug */,
				B3550D2527AAE01A001389CA /* Release */,
			);
			defaultConfigurationIsVisible = 0;
			defaultConfigurationName = Release;
		};
		B3550D2627AAE01A001389CA /* Build configuration list for PBXNativeTarget "TestApp" */ = {
			isa = XCConfigurationList;
			buildConfigurations = (
				B3550D2727AAE01A001389CA /* Debug */,
				B3550D2827AAE01A001389CA /* Release */,
			);
			defaultConfigurationIsVisible = 0;
			defaultConfigurationName = Release;
		};
/* End XCConfigurationList section */
	};
	rootObject = B3550D0A27AAE017001389CA /* Project object */;
}
